# This file is autogenerated, do not edit; changes may be undone by the next 'dep ensure'.


[[projects]]
  branch = "master"
  digest = "1:1ba1d79f2810270045c328ae5d674321db34e3aae468eb4233883b473c5c0467"
  name = "github.com/golang/glog"
  packages = ["."]
  pruneopts = "UT"
  revision = "23def4e6c14b4da8ac2ed8007337bc5eb5007998"

[[projects]]
  digest = "1:97df918963298c287643883209a2c3f642e6593379f97ab400c2a2e219ab647d"
  name = "github.com/golang/protobuf"
  packages = ["proto"]
  pruneopts = "UT"
  revision = "aa810b61a9c79d51363740d207bb46cf8e620ed5"
  version = "v1.2.0"

[[projects]]
  branch = "master"
  digest = "1:644d7e65ea431241ea1b95ae423634da11e6a2776a36f0049b49eac9defb877b"
  name = "github.com/prometheus/common"
  packages = ["model"]
  pruneopts = "UT"
  revision = "16b4535ad14a9ef20a9d9fd8055143c5faa15224"

[[projects]]
  branch = "6.1"
  digest = "1:396e15a47f55d4fa36a7de306361730fd2e00695fca009b93456af0a9b3a2d2f"
  name = "github.com/turbonomic/turbo-go-sdk"
  packages = ["pkg/proto"]
  pruneopts = "UT"
  revision = "773315de6e27bf3aabc72e1ccec3c7de2b3db2eb"

[solve-meta]
  analyzer-name = "dep"
  analyzer-version = 1
  input-imports = [
    "github.com/golang/glog",
    "github.com/prometheus/common/model",
    "github.com/turbonomic/turbo-go-sdk/pkg/proto",
  ]
  solver-name = "gps-cdcl"
  solver-version = 1
